
Microsoft Visual Studio Solution File, Format Version 12.00
# Visual Studio 2013
VisualStudioVersion = 12.0.30501.0
MinimumVisualStudioVersion = 10.0.40219.1
Project("{F184B08F-C81C-45F6-A57F-5ABD9991F28F}") = "ProjetSite", "ProjetSite\ProjetSite.vbproj", "{ACB685B5-9930-412D-864C-B9AB47D4F790}"
EndProject
Global
	GlobalSection(SolutionConfigurationPlatforms) = preSolution
		Debug|Any CPU = Debug|Any CPU
		Release|Any CPU = Release|Any CPU
	EndGlobalSection
	GlobalSection(ProjectConfigurationPlatforms) = postSolution
		{ACB685B5-9930-412D-864C-B9AB47D4F790}.Debug|Any CPU.ActiveCfg = Debug|Any CPU
		{ACB685B5-9930-412D-864C-B9AB47D4F790}.Debug|Any CPU.Build.0 = Debug|Any CPU
		{ACB685B5-9930-412D-864C-B9AB47D4F790}.Release|Any CPU.ActiveCfg = Release|Any CPU
		{ACB685B5-9930-412D-864C-B9AB47D4F790}.Release|Any CPU.Build.0 = Release|Any CPU
	EndGlobalSection
	GlobalSection(SolutionProperties) = preSolution
		HideSolutionNode = FALSE
	EndGlobalSection
EndGlobal
